// !$*UTF8*$!
{
	archiveVersion = 1;
	classes = {
	};
	objectVersion = 50;
	objects = {

/* Begin PBXBuildFile section */
		3991D2ED2278545400885DE9 /* AppDelegate.swift in Sources */ = {isa = PBXBuildFile; fileRef = 3991D2EC2278545400885DE9 /* AppDelegate.swift */; };
		3991D2EF2278545400885DE9 /* ViewController.swift in Sources */ = {isa = PBXBuildFile; fileRef = 3991D2EE2278545400885DE9 /* ViewController.swift */; };
		3991D2F22278545400885DE9 /* Main.storyboard in Resources */ = {isa = PBXBuildFile; fileRef = 3991D2F02278545400885DE9 /* Main.storyboard */; };
		3991D2F42278545600885DE9 /* Assets.xcassets in Resources */ = {isa = PBXBuildFile; fileRef = 3991D2F32278545600885DE9 /* Assets.xcassets */; };
		3991D2F72278545600885DE9 /* LaunchScreen.storyboard in Resources */ = {isa = PBXBuildFile; fileRef = 3991D2F52278545600885DE9 /* LaunchScreen.storyboard */; };
		3991D3022278545600885DE9 /* AsaraaTests.swift in Sources */ = {isa = PBXBuildFile; fileRef = 3991D3012278545600885DE9 /* AsaraaTests.swift */; };
		3991D30D2278545600885DE9 /* AsaraaUITests.swift in Sources */ = {isa = PBXBuildFile; fileRef = 3991D30C2278545600885DE9 /* AsaraaUITests.swift */; };
/* End PBXBuildFile section */

/* Begin PBXContainerItemProxy section */
		3991D2FE2278545600885DE9 /* PBXContainerItemProxy */ = {
			isa = PBXContainerItemProxy;
			containerPortal = 3991D2E12278545300885DE9 /* Project object */;
			proxyType = 1;
			remoteGlobalIDString = 3991D2E82278545300885DE9;
			remoteInfo = Asaraa;
		};
		3991D3092278545600885DE9 /* PBXContainerItemProxy */ = {
			isa = PBXContainerItemProxy;
			containerPortal = 3991D2E12278545300885DE9 /* Project object */;
			proxyType = 1;
			remoteGlobalIDString = 3991D2E82278545300885DE9;
			remoteInfo = Asaraa;
		};
/* End PBXContainerItemProxy section */

/* Begin PBXFileReference section */
		3991D2E92278545300885DE9 /* Asaraa.app */ = {isa = PBXFileReference; explicitFileType = wrapper.application; includeInIndex = 0; path = Asaraa.app; sourceTree = BUILT_PRODUCTS_DIR; };
		3991D2EC2278545400885DE9 /* AppDelegate.swift */ = {isa = PBXFileReference; lastKnownFileType = sourcecode.swift; path = AppDelegate.swift; sourceTree = "<group>"; };
		3991D2EE2278545400885DE9 /* ViewController.swift */ = {isa = PBXFileReference; lastKnownFileType = sourcecode.swift; path = ViewController.swift; sourceTree = "<group>"; };
		3991D2F12278545400885DE9 /* Base */ = {isa = PBXFileReference; lastKnownFileType = file.storyboard; name = Base; path = Base.lproj/Main.storyboard; sourceTree = "<group>"; };
		3991D2F32278545600885DE9 /* Assets.xcassets */ = {isa = PBXFileReference; lastKnownFileType = folder.assetcatalog; path = Assets.xcassets; sourceTree = "<group>"; };
		3991D2F62278545600885DE9 /* Base */ = {isa = PBXFileReference; lastKnownFileType = file.storyboard; name = Base; path = Base.lproj/LaunchScreen.storyboard; sourceTree = "<group>"; };
		3991D2F82278545600885DE9 /* Info.plist */ = {isa = PBXFileReference; lastKnownFileType = text.plist.xml; path = Info.plist; sourceTree = "<group>"; };
		3991D2FD2278545600885DE9 /* AsaraaTests.xctest */ = {isa = PBXFileReference; explicitFileType = wrapper.cfbundle; includeInIndex = 0; path = AsaraaTests.xctest; sourceTree = BUILT_PRODUCTS_DIR; };
		3991D3012278545600885DE9 /* AsaraaTests.swift */ = {isa = PBXFileReference; lastKnownFileType = sourcecode.swift; path = AsaraaTests.swift; sourceTree = "<group>"; };
		3991D3032278545600885DE9 /* Info.plist */ = {isa = PBXFileReference; lastKnownFileType = text.plist.xml; path = Info.plist; sourceTree = "<group>"; };
		3991D3082278545600885DE9 /* AsaraaUITests.xctest */ = {isa = PBXFileReference; explicitFileType = wrapper.cfbundle; includeInIndex = 0; path = AsaraaUITests.xctest; sourceTree = BUILT_PRODUCTS_DIR; };
		3991D30C2278545600885DE9 /* AsaraaUITests.swift */ = {isa = PBXFileReference; lastKnownFileType = sourcecode.swift; path = AsaraaUITests.swift; sourceTree = "<group>"; };
		3991D30E2278545600885DE9 /* Info.plist */ = {isa = PBXFileReference; lastKnownFileType = text.plist.xml; path = Info.plist; sourceTree = "<group>"; };
/* End PBXFileReference section */

/* Begin PBXFrameworksBuildPhase section */
		3991D2E62278545300885DE9 /* Frameworks */ = {
			isa = PBXFrameworksBuildPhase;
			buildActionMask = 2147483647;
			files = (
			);
			runOnlyForDeploymentPostprocessing = 0;
		};
		3991D2FA2278545600885DE9 /* Frameworks */ = {
			isa = PBXFrameworksBuildPhase;
			buildActionMask = 2147483647;
			files = (
			);
			runOnlyForDeploymentPostprocessing = 0;
		};
		3991D3052278545600885DE9 /* Frameworks */ = {
			isa = PBXFrameworksBuildPhase;
			buildActionMask = 2147483647;
			files = (
			);
			runOnlyForDeploymentPostprocessing = 0;
		};
/* End PBXFrameworksBuildPhase section */

/* Begin PBXGroup section */
		3991D2E02278545300885DE9 = {
			isa = PBXGroup;
			children = (
				3991D2EB2278545300885DE9 /* Asaraa */,
				3991D3002278545600885DE9 /* AsaraaTests */,
				3991D30B2278545600885DE9 /* AsaraaUITests */,
				3991D2EA2278545300885DE9 /* Products */,
			);
			sourceTree = "<group>";
		};
		3991D2EA2278545300885DE9 /* Products */ = {
			isa = PBXGroup;
			children = (
				3991D2E92278545300885DE9 /* Asaraa.app */,
				3991D2FD2278545600885DE9 /* AsaraaTests.xctest */,
				3991D3082278545600885DE9 /* AsaraaUITests.xctest */,
			);
			name = Products;
			sourceTree = "<group>";
		};
		3991D2EB2278545300885DE9 /* Asaraa */ = {
			isa = PBXGroup;
			children = (
				3991D2EC2278545400885DE9 /* AppDelegate.swift */,
				3991D2EE2278545400885DE9 /* ViewController.swift */,
				3991D2F02278545400885DE9 /* Main.storyboard */,
				3991D2F32278545600885DE9 /* Assets.xcassets */,
				3991D2F52278545600885DE9 /* LaunchScreen.storyboard */,
				3991D2F82278545600885DE9 /* Info.plist */,
			);
			path = Asaraa;
			sourceTree = "<group>";
		};
		3991D3002278545600885DE9 /* AsaraaTests */ = {
			isa = PBXGroup;
			children = (
				3991D3012278545600885DE9 /* AsaraaTests.swift */,
				3991D3032278545600885DE9 /* Info.plist */,
			);
			path = AsaraaTests;
			sourceTree = "<group>";
		};
		3991D30B2278545600885DE9 /* AsaraaUITests */ = {
			isa = PBXGroup;
			children = (
				3991D30C2278545600885DE9 /* AsaraaUITests.swift */,
				3991D30E2278545600885DE9 /* Info.plist */,
			);
			path = AsaraaUITests;
			sourceTree = "<group>";
		};
/* End PBXGroup section */

/* Begin PBXNativeTarget section */
		3991D2E82278545300885DE9 /* Asaraa */ = {
			isa = PBXNativeTarget;
			buildConfigurationList = 3991D3112278545600885DE9 /* Build configuration list for PBXNativeTarget "Asaraa" */;
			buildPhases = (
				3991D2E52278545300885DE9 /* Sources */,
				3991D2E62278545300885DE9 /* Frameworks */,
				3991D2E72278545300885DE9 /* Resources */,
			);
			buildRules = (
			);
			dependencies = (
			);
			name = Asaraa;
			productName = Asaraa;
			productReference = 3991D2E92278545300885DE9 /* Asaraa.app */;
			productType = "com.apple.product-type.application";
		};
		3991D2FC2278545600885DE9 /* AsaraaTests */ = {
			isa = PBXNativeTarget;
			buildConfigurationList = 3991D3142278545600885DE9 /* Build configuration list for PBXNativeTarget "AsaraaTests" */;
			buildPhases = (
				3991D2F92278545600885DE9 /* Sources */,
				3991D2FA2278545600885DE9 /* Frameworks */,
				3991D2FB2278545600885DE9 /* Resources */,
			);
			buildRules = (
			);
			dependencies = (
				3991D2FF2278545600885DE9 /* PBXTargetDependency */,
			);
			name = AsaraaTests;
			productName = AsaraaTests;
			productReference = 3991D2FD2278545600885DE9 /* AsaraaTests.xctest */;
			productType = "com.apple.product-type.bundle.unit-test";
		};
		3991D3072278545600885DE9 /* AsaraaUITests */ = {
			isa = PBXNativeTarget;
			buildConfigurationList = 3991D3172278545600885DE9 /* Build configuration list for PBXNativeTarget "AsaraaUITests" */;
			buildPhases = (
				3991D3042278545600885DE9 /* Sources */,
				3991D3052278545600885DE9 /* Frameworks */,
				3991D3062278545600885DE9 /* Resources */,
			);
			buildRules = (
			);
			dependencies = (
				3991D30A2278545600885DE9 /* PBXTargetDependency */,
			);
			name = AsaraaUITests;
			productName = AsaraaUITests;
			productReference = 3991D3082278545600885DE9 /* AsaraaUITests.xctest */;
			productType = "com.apple.product-type.bundle.ui-testing";
		};
/* End PBXNativeTarget section */

/* Begin PBXProject section */
		3991D2E12278545300885DE9 /* Project object */ = {
			isa = PBXProject;
			attributes = {
				LastSwiftUpdateCheck = 1010;
				LastUpgradeCheck = 1010;
				ORGANIZATIONNAME = "Abanoub Ghaly";
				TargetAttributes = {
					3991D2E82278545300885DE9 = {
						CreatedOnToolsVersion = 10.1;
					};
					3991D2FC2278545600885DE9 = {
						CreatedOnToolsVersion = 10.1;
						TestTargetID = 3991D2E82278545300885DE9;
					};
					3991D3072278545600885DE9 = {
						CreatedOnToolsVersion = 10.1;
						TestTargetID = 3991D2E82278545300885DE9;
					};
				};
			};
			buildConfigurationList = 3991D2E42278545300885DE9 /* Build configuration list for PBXProject "Asaraa" */;
			compatibilityVersion = "Xcode 9.3";
			developmentRegion = en;
			hasScannedForEncodings = 0;
			knownRegions = (
				en,
				Base,
			);
			mainGroup = 3991D2E02278545300885DE9;
			productRefGroup = 3991D2EA2278545300885DE9 /* Products */;
			projectDirPath = "";
			projectRoot = "";
			targets = (
				3991D2E82278545300885DE9 /* Asaraa */,
				3991D2FC2278545600885DE9 /* AsaraaTests */,
				3991D3072278545600885DE9 /* AsaraaUITests */,
			);
		};
/* End PBXProject section */

/* Begin PBXResourcesBuildPhase section */
		3991D2E72278545300885DE9 /* Resources */ = {
			isa = PBXResourcesBuildPhase;
			buildActionMask = 2147483647;
			files = (
				3991D2F72278545600885DE9 /* LaunchScreen.storyboard in Resources */,
				3991D2F42278545600885DE9 /* Assets.xcassets in Resources */,
				3991D2F22278545400885DE9 /* Main.storyboard in Resources */,
			);
			runOnlyForDeploymentPostprocessing = 0;
		};
		3991D2FB2278545600885DE9 /* Resources */ = {
			isa = PBXResourcesBuildPhase;
			buildActionMask = 2147483647;
			files = (
			);
			runOnlyForDeploymentPostprocessing = 0;
		};
		3991D3062278545600885DE9 /* Resources */ = {
			isa = PBXResourcesBuildPhase;
			buildActionMask = 2147483647;
			files = (
			);
			runOnlyForDeploymentPostprocessing = 0;
		};
/* End PBXResourcesBuildPhase section */

/* Begin PBXSourcesBuildPhase section */
		3991D2E52278545300885DE9 /* Sources */ = {
			isa = PBXSourcesBuildPhase;
			buildActionMask = 2147483647;
			files = (
				3991D2EF2278545400885DE9 /* ViewController.swift in Sources */,
				3991D2ED2278545400885DE9 /* AppDelegate.swift in Sources */,
			);
			runOnlyForDeploymentPostprocessing = 0;
		};
		3991D2F92278545600885DE9 /* Sources */ = {
			isa = PBXSourcesBuildPhase;
			buildActionMask = 2147483647;
			files = (
				3991D3022278545600885DE9 /* AsaraaTests.swift in Sources */,
			);
			runOnlyForDeploymentPostprocessing = 0;
		};
		3991D3042278545600885DE9 /* Sources */ = {
			isa = PBXSourcesBuildPhase;
			buildActionMask = 2147483647;
			files = (
				3991D30D2278545600885DE9 /* AsaraaUITests.swift in Sources */,
			);
			runOnlyForDeploymentPostprocessing = 0;
		};
/* End PBXSourcesBuildPhase section */

/* Begin PBXTargetDependency section */
		3991D2FF2278545600885DE9 /* PBXTargetDependency */ = {
			isa = PBXTargetDependency;
			target = 3991D2E82278545300885DE9 /* Asaraa */;
			targetProxy = 3991D2FE2278545600885DE9 /* PBXContainerItemProxy */;
		};
		3991D30A2278545600885DE9 /* PBXTargetDependency */ = {
			isa = PBXTargetDependency;
			target = 3991D2E82278545300885DE9 /* Asaraa */;
			targetProxy = 3991D3092278545600885DE9 /* PBXContainerItemProxy */;
		};
/* End PBXTargetDependency section */

/* Begin PBXVariantGroup section */
		3991D2F02278545400885DE9 /* Main.storyboard */ = {
			isa = PBXVariantGroup;
			children = (
				3991D2F12278545400885DE9 /* Base */,
			);
			name = Main.storyboard;
			sourceTree = "<group>";
		};
		3991D2F52278545600885DE9 /* LaunchScreen.storyboard */ = {
			isa = PBXVariantGroup;
			children = (
				3991D2F62278545600885DE9 /* Base */,
			);
			name = LaunchScreen.storyboard;
			sourceTree = "<group>";
		};
/* End PBXVariantGroup section */

/* Begin XCBuildConfiguration section */
		3991D30F2278545600885DE9 /* Debug */ = {
			isa = XCBuildConfiguration;
			buildSettings = {
				ALWAYS_SEARCH_USER_PATHS = NO;
				CLANG_ANALYZER_NONNULL = YES;
				CLANG_ANALYZER_NUMBER_OBJECT_CONVERSION = YES_AGGRESSIVE;
				CLANG_CXX_LANGUAGE_STANDARD = "gnu++14";
				CLANG_CXX_LIBRARY = "libc++";
				CLANG_ENABLE_MODULES = YES;
				CLANG_ENABLE_OBJC_ARC = YES;
				CLANG_ENABLE_OBJC_WEAK = YES;
				CLANG_WARN_BLOCK_CAPTURE_AUTORELEASING = YES;
				CLANG_WARN_BOOL_CONVERSION = YES;
				CLANG_WARN_COMMA = YES;
				CLANG_WARN_CONSTANT_CONVERSION = YES;
				CLANG_WARN_DEPRECATED_OBJC_IMPLEMENTATIONS = YES;
				CLANG_WARN_DIRECT_OBJC_ISA_USAGE = YES_ERROR;
				CLANG_WARN_DOCUMENTATION_COMMENTS = YES;
				CLANG_WARN_EMPTY_BODY = YES;
				CLANG_WARN_ENUM_CONVERSION = YES;
				CLANG_WARN_INFINITE_RECURSION = YES;
				CLANG_WARN_INT_CONVERSION = YES;
				CLANG_WARN_NON_LITERAL_NULL_CONVERSION = YES;
				CLANG_WARN_OBJC_IMPLICIT_RETAIN_SELF = YES;
				CLANG_WARN_OBJC_LITERAL_CONVERSION = YES;
				CLANG_WARN_OBJC_ROOT_CLASS = YES_ERROR;
				CLANG_WARN_RANGE_LOOP_ANALYSIS = YES;
				CLANG_WARN_STRICT_PROTOTYPES = YES;
				CLANG_WARN_SUSPICIOUS_MOVE = YES;
				CLANG_WARN_UNGUARDED_AVAILABILITY = YES_AGGRESSIVE;
				CLANG_WARN_UNREACHABLE_CODE = YES;
				CLANG_WARN__DUPLICATE_METHOD_MATCH = YES;
				CODE_SIGN_IDENTITY = "iPhone Developer";
				COPY_PHASE_STRIP = NO;
				DEBUG_INFORMATION_FORMAT = dwarf;
				ENABLE_STRICT_OBJC_MSGSEND = YES;
				ENABLE_TESTABILITY = YES;
				GCC_C_LANGUAGE_STANDARD = gnu11;
				GCC_DYNAMIC_NO_PIC = NO;
				GCC_NO_COMMON_BLOCKS = YES;
				GCC_OPTIMIZATION_LEVEL = 0;
				GCC_PREPROCESSOR_DEFINITIONS = (
					"DEBUG=1",
					"$(inherited)",
				);
				GCC_WARN_64_TO_32_BIT_CONVERSION = YES;
				GCC_WARN_ABOUT_RETURN_TYPE = YES_ERROR;
				GCC_WARN_UNDECLARED_SELECTOR = YES;
				GCC_WARN_UNINITIALIZED_AUTOS = YES_AGGRESSIVE;
				GCC_WARN_UNUSED_FUNCTION = YES;
				GCC_WARN_UNUSED_VARIABLE = YES;
				IPHONEOS_DEPLOYMENT_TARGET = 12.1;
				MTL_ENABLE_DEBUG_INFO = INCLUDE_SOURCE;
				MTL_FAST_MATH = YES;
				ONLY_ACTIVE_ARCH = YES;
				SDKROOT = iphoneos;
				SWIFT_ACTIVE_COMPILATION_CONDITIONS = DEBUG;
				SWIFT_OPTIMIZATION_LEVEL = "-Onone";
			};
			name = Debug;
		};
		3991D3102278545600885DE9 /* Release */ = {
			isa = XCBuildConfiguration;
			buildSettings = {
				ALWAYS_SEARCH_USER_PATHS = NO;
				CLANG_ANALYZER_NONNULL = YES;
				CLANG_ANALYZER_NUMBER_OBJECT_CONVERSION = YES_AGGRESSIVE;
				CLANG_CXX_LANGUAGE_STANDARD = "gnu++14";
				CLANG_CXX_LIBRARY = "libc++";
				CLANG_ENABLE_MODULES = YES;
				CLANG_ENABLE_OBJC_ARC = YES;
				CLANG_ENABLE_OBJC_WEAK = YES;
				CLANG_WARN_BLOCK_CAPTURE_AUTORELEASING = YES;
				CLANG_WARN_BOOL_CONVERSION = YES;
				CLANG_WARN_COMMA = YES;
				CLANG_WARN_CONSTANT_CONVERSION = YES;
				CLANG_WARN_DEPRECATED_OBJC_IMPLEMENTATIONS = YES;
				CLANG_WARN_DIRECT_OBJC_ISA_USAGE = YES_ERROR;
				CLANG_WARN_DOCUMENTATION_COMMENTS = YES;
				CLANG_WARN_EMPTY_BODY = YES;
				CLANG_WARN_ENUM_CONVERSION = YES;
				CLANG_WARN_INFINITE_RECURSION = YES;
				CLANG_WARN_INT_CONVERSION = YES;
				CLANG_WARN_NON_LITERAL_NULL_CONVERSION = YES;
				CLANG_WARN_OBJC_IMPLICIT_RETAIN_SELF = YES;
				CLANG_WARN_OBJC_LITERAL_CONVERSION = YES;
				CLANG_WARN_OBJC_ROOT_CLASS = YES_ERROR;
				CLANG_WARN_RANGE_LOOP_ANALYSIS = YES;
				CLANG_WARN_STRICT_PROTOTYPES = YES;
				CLANG_WARN_SUSPICIOUS_MOVE = YES;
				CLANG_WARN_UNGUARDED_AVAILABILITY = YES_AGGRESSIVE;
				CLANG_WARN_UNREACHABLE_CODE = YES;
				CLANG_WARN__DUPLICATE_METHOD_MATCH = YES;
				CODE_SIGN_IDENTITY = "iPhone Developer";
				COPY_PHASE_STRIP = NO;
				DEBUG_INFORMATION_FORMAT = "dwarf-with-dsym";
				ENABLE_NS_ASSERTIONS = NO;
				ENABLE_STRICT_OBJC_MSGSEND = YES;
				GCC_C_LANGUAGE_STANDARD = gnu11;
				GCC_NO_COMMON_BLOCKS = YES;
				GCC_WARN_64_TO_32_BIT_CONVERSION = YES;
				GCC_WARN_ABOUT_RETURN_TYPE = YES_ERROR;
				GCC_WARN_UNDECLARED_SELECTOR = YES;
				GCC_WARN_UNINITIALIZED_AUTOS = YES_AGGRESSIVE;
				GCC_WARN_UNUSED_FUNCTION = YES;
				GCC_WARN_UNUSED_VARIABLE = YES;
				IPHONEOS_DEPLOYMENT_TARGET = 12.1;
				MTL_ENABLE_DEBUG_INFO = NO;
				MTL_FAST_MATH = YES;
				SDKROOT = iphoneos;
				SWIFT_COMPILATION_MODE = wholemodule;
				SWIFT_OPTIMIZATION_LEVEL = "-O";
				VALIDATE_PRODUCT = YES;
			};
			name = Release;
		};
		3991D3122278545600885DE9 /* Debug */ = {
			isa = XCBuildConfiguration;
			buildSettings = {
				ASSETCATALOG_COMPILER_APPICON_NAME = AppIcon;
				CODE_SIGN_STYLE = Automatic;
				INFOPLIST_FILE = Asaraa/Info.plist;
				LD_RUNPATH_SEARCH_PATHS = (
					"$(inherited)",
					"@executable_path/Frameworks",
				);
				PRODUCT_BUNDLE_IDENTIFIER = com.abanoubghaly.Asaraa;
				PRODUCT_NAME = "$(TARGET_NAME)";
				SWIFT_VERSION = 4.2;
				TARGETED_DEVICE_FAMILY = "1,2";
			};
			name = Debug;
		};
		3991D3132278545600885DE9 /* Release */ = {
			isa = XCBuildConfiguration;
			buildSettings = {
				ASSETCATALOG_COMPILER_APPICON_NAME = AppIcon;
				CODE_SIGN_STYLE = Automatic;
				INFOPLIST_FILE = Asaraa/Info.plist;
				LD_RUNPATH_SEARCH_PATHS = (
					"$(inherited)",
					"@executable_path/Frameworks",
				);
				PRODUCT_BUNDLE_IDENTIFIER = com.abanoubghaly.Asaraa;
				PRODUCT_NAME = "$(TARGET_NAME)";
				SWIFT_VERSION = 4.2;
				TARGETED_DEVICE_FAMILY = "1,2";
			};
			name = Release;
		};
		3991D3152278545600885DE9 /* Debug */ = {
			isa = XCBuildConfiguration;
			buildSettings = {
				ALWAYS_EMBED_SWIFT_STANDARD_LIBRARIES = YES;
				BUNDLE_LOADER = "$(TEST_HOST)";
				CODE_SIGN_STYLE = Automatic;
				INFOPLIST_FILE = AsaraaTests/Info.plist;
				LD_RUNPATH_SEARCH_PATHS = (
					"$(inherited)",
					"@executable_path/Frameworks",
					"@loader_path/Frameworks",
				);
				PRODUCT_BUNDLE_IDENTIFIER = com.abanoubghaly.AsaraaTests;
				PRODUCT_NAME = "$(TARGET_NAME)";
				SWIFT_VERSION = 4.2;
				TARGETED_DEVICE_FAMILY = "1,2";
				TEST_HOST = "$(BUILT_PRODUCTS_DIR)/Asaraa.app/Asaraa";
			};
			name = Debug;
		};
		3991D3162278545600885DE9 /* Release */ = {
			isa = XCBuildConfiguration;
			buildSettings = {
				ALWAYS_EMBED_SWIFT_STANDARD_LIBRARIES = YES;
				BUNDLE_LOADER = "$(TEST_HOST)";
				CODE_SIGN_STYLE = Automatic;
				INFOPLIST_FILE = AsaraaTests/Info.plist;
				LD_RUNPATH_SEARCH_PATHS = (
					"$(inherited)",
					"@executable_path/Frameworks",
					"@loader_path/Frameworks",
				);
				PRODUCT_BUNDLE_IDENTIFIER = com.abanoubghaly.AsaraaTests;
				PRODUCT_NAME = "$(TARGET_NAME)";
				SWIFT_VERSION = 4.2;
				TARGETED_DEVICE_FAMILY = "1,2";
				TEST_HOST = "$(BUILT_PRODUCTS_DIR)/Asaraa.app/Asaraa";
			};
			name = Release;
		};
		3991D3182278545600885DE9 /* Debug */ = {
			isa = XCBuildConfiguration;
			buildSettings = {
				ALWAYS_EMBED_SWIFT_STANDARD_LIBRARIES = YES;
				CODE_SIGN_STYLE = Automatic;
				INFOPLIST_FILE = AsaraaUITests/Info.plist;
				LD_RUNPATH_SEARCH_PATHS = (
					"$(inherited)",
					"@executable_path/Frameworks",
					"@loader_path/Frameworks",
				);
				PRODUCT_BUNDLE_IDENTIFIER = com.abanoubghaly.AsaraaUITests;
				PRODUCT_NAME = "$(TARGET_NAME)";
				SWIFT_VERSION = 4.2;
				TARGETED_DEVICE_FAMILY = "1,2";
				TEST_TARGET_NAME = Asaraa;
			};
			name = Debug;
		};
		3991D3192278545600885DE9 /* Release */ = {
			isa = XCBuildConfiguration;
			buildSettings = {
				ALWAYS_EMBED_SWIFT_STANDARD_LIBRARIES = YES;
				CODE_SIGN_STYLE = Automatic;
				INFOPLIST_FILE = AsaraaUITests/Info.plist;
				LD_RUNPATH_SEARCH_PATHS = (
					"$(inherited)",
					"@executable_path/Frameworks",
					"@loader_path/Frameworks",
				);
				PRODUCT_BUNDLE_IDENTIFIER = com.abanoubghaly.AsaraaUITests;
				PRODUCT_NAME = "$(TARGET_NAME)";
				SWIFT_VERSION = 4.2;
				TARGETED_DEVICE_FAMILY = "1,2";
				TEST_TARGET_NAME = Asaraa;
			};
			name = Release;
		};
/* End XCBuildConfiguration section */

/* Begin XCConfigurationList section */
		3991D2E42278545300885DE9 /* Build configuration list for PBXProject "Asaraa" */ = {
			isa = XCConfigurationList;
			buildConfigurations = (
				3991D30F2278545600885DE9 /* Debug */,
				3991D3102278545600885DE9 /* Release */,
			);
			defaultConfigurationIsVisible = 0;
			defaultConfigurationName = Release;
		};
		3991D3112278545600885DE9 /* Build configuration list for PBXNativeTarget "Asaraa" */ = {
			isa = XCConfigurationList;
			buildConfigurations = (
				3991D3122278545600885DE9 /* Debug */,
				3991D3132278545600885DE9 /* Release */,
			);
			defaultConfigurationIsVisible = 0;
			defaultConfigurationName = Release;
		};
		3991D3142278545600885DE9 /* Build configuration list for PBXNativeTarget "AsaraaTests" */ = {
			isa = XCConfigurationList;
			buildConfigurations = (
				3991D3152278545600885DE9 /* Debug */,
				3991D3162278545600885DE9 /* Release */,
			);
			defaultConfigurationIsVisible = 0;
			defaultConfigurationName = Release;
		};
		3991D3172278545600885DE9 /* Build configuration list for PBXNativeTarget "AsaraaUITests" */ = {
			isa = XCConfigurationList;
			buildConfigurations = (
				3991D3182278545600885DE9 /* Debug */,
				3991D3192278545600885DE9 /* Release */,
			);
			defaultConfigurationIsVisible = 0;
			defaultConfigurationName = Release;
		};
/* End XCConfigurationList section */
	};
	rootObject = 3991D2E12278545300885DE9 /* Project object */;
}
